
Microsoft Visual Studio Solution File, Format Version 12.00
# TcXaeShell Solution File, Format Version 11.00
VisualStudioVersion = 15.0.35116.124
MinimumVisualStudioVersion = 10.0.40219.1
Project("{B1E792BE-AA5F-4E3C-8C82-674BF9C0715B}") = "W1_Day5", "W1_Day5\W1_Day5.tsproj", "{EF3B805F-6C3B-4977-82F3-51D596DCED19}"
EndProject
Global
	GlobalSection(SolutionConfigurationPlatforms) = preSolution
		Debug|TwinCAT CE7 (ARMV7) = Debug|TwinCAT CE7 (ARMV7)
		Debug|TwinCAT OS (ARMT2) = Debug|TwinCAT OS (ARMT2)
		Debug|TwinCAT RT (x64) = Debug|TwinCAT RT (x64)
		Debug|TwinCAT RT (x86) = Debug|TwinCAT RT (x86)
		Release|TwinCAT CE7 (ARMV7) = Release|TwinCAT CE7 (ARMV7)
		Release|TwinCAT OS (ARMT2) = Release|TwinCAT OS (ARMT2)
		Release|TwinCAT RT (x64) = Release|TwinCAT RT (x64)
		Release|TwinCAT RT (x86) = Release|TwinCAT RT (x86)
	EndGlobalSection
	GlobalSection(ProjectConfigurationPlatforms) = postSolution
		{EF3B805F-6C3B-4977-82F3-51D596DCED19}.Debug|TwinCAT CE7 (ARMV7).ActiveCfg = Debug|TwinCAT CE7 (ARMV7)
		{EF3B805F-6C3B-4977-82F3-51D596DCED19}.Debug|TwinCAT CE7 (ARMV7).Build.0 = Debug|TwinCAT CE7 (ARMV7)
		{EF3B805F-6C3B-4977-82F3-51D596DCED19}.Debug|TwinCAT OS (ARMT2).ActiveCfg = Debug|TwinCAT OS (ARMT2)
		{EF3B805F-6C3B-4977-82F3-51D596DCED19}.Debug|TwinCAT OS (ARMT2).Build.0 = Debug|TwinCAT OS (ARMT2)
		{EF3B805F-6C3B-4977-82F3-51D596DCED19}.Debug|TwinCAT RT (x64).ActiveCfg = Debug|TwinCAT RT (x64)
		{EF3B805F-6C3B-4977-82F3-51D596DCED19}.Debug|TwinCAT RT (x64).Build.0 = Debug|TwinCAT RT (x64)
		{EF3B805F-6C3B-4977-82F3-51D596DCED19}.Debug|TwinCAT RT (x86).ActiveCfg = Debug|TwinCAT RT (x86)
		{EF3B805F-6C3B-4977-82F3-51D596DCED19}.Debug|TwinCAT RT (x86).Build.0 = Debug|TwinCAT RT (x86)
		{EF3B805F-6C3B-4977-82F3-51D596DCED19}.Release|TwinCAT CE7 (ARMV7).ActiveCfg = Release|TwinCAT CE7 (ARMV7)
		{EF3B805F-6C3B-4977-82F3-51D596DCED19}.Release|TwinCAT CE7 (ARMV7).Build.0 = Release|TwinCAT CE7 (ARMV7)
		{EF3B805F-6C3B-4977-82F3-51D596DCED19}.Release|TwinCAT OS (ARMT2).ActiveCfg = Release|TwinCAT OS (ARMT2)
		{EF3B805F-6C3B-4977-82F3-51D596DCED19}.Release|TwinCAT OS (ARMT2).Build.0 = Release|TwinCAT OS (ARMT2)
		{EF3B805F-6C3B-4977-82F3-51D596DCED19}.Release|TwinCAT RT (x64).ActiveCfg = Release|TwinCAT RT (x64)
		{EF3B805F-6C3B-4977-82F3-51D596DCED19}.Release|TwinCAT RT (x64).Build.0 = Release|TwinCAT RT (x64)
		{EF3B805F-6C3B-4977-82F3-51D596DCED19}.Release|TwinCAT RT (x86).ActiveCfg = Release|TwinCAT RT (x86)
		{EF3B805F-6C3B-4977-82F3-51D596DCED19}.Release|TwinCAT RT (x86).Build.0 = Release|TwinCAT RT (x86)
		{163A5A57-A3C1-4246-8920-8F19FC3D2208}.Debug|TwinCAT CE7 (ARMV7).ActiveCfg = Debug|TwinCAT CE7 (ARMV7)
		{163A5A57-A3C1-4246-8920-8F19FC3D2208}.Debug|TwinCAT CE7 (ARMV7).Build.0 = Debug|TwinCAT CE7 (ARMV7)
		{163A5A57-A3C1-4246-8920-8F19FC3D2208}.Debug|TwinCAT OS (ARMT2).ActiveCfg = Debug|TwinCAT OS (ARMT2)
		{163A5A57-A3C1-4246-8920-8F19FC3D2208}.Debug|TwinCAT OS (ARMT2).Build.0 = Debug|TwinCAT OS (ARMT2)
		{163A5A57-A3C1-4246-8920-8F19FC3D2208}.Debug|TwinCAT RT (x64).ActiveCfg = Debug|TwinCAT RT (x64)
		{163A5A57-A3C1-4246-8920-8F19FC3D2208}.Debug|TwinCAT RT (x64).Build.0 = Debug|TwinCAT RT (x64)
		{163A5A57-A3C1-4246-8920-8F19FC3D2208}.Debug|TwinCAT RT (x86).ActiveCfg = Debug|TwinCAT RT (x86)
		{163A5A57-A3C1-4246-8920-8F19FC3D2208}.Debug|TwinCAT RT (x86).Build.0 = Debug|TwinCAT RT (x86)
		{163A5A57-A3C1-4246-8920-8F19FC3D2208}.Release|TwinCAT CE7 (ARMV7).ActiveCfg = Release|TwinCAT CE7 (ARMV7)
		{163A5A57-A3C1-4246-8920-8F19FC3D2208}.Release|TwinCAT CE7 (ARMV7).Build.0 = Release|TwinCAT CE7 (ARMV7)
		{163A5A57-A3C1-4246-8920-8F19FC3D2208}.Release|TwinCAT OS (ARMT2).ActiveCfg = Release|TwinCAT OS (ARMT2)
		{163A5A57-A3C1-4246-8920-8F19FC3D2208}.Release|TwinCAT OS (ARMT2).Build.0 = Release|TwinCAT OS (ARMT2)
		{163A5A57-A3C1-4246-8920-8F19FC3D2208}.Release|TwinCAT RT (x64).ActiveCfg = Release|TwinCAT RT (x64)
		{163A5A57-A3C1-4246-8920-8F19FC3D2208}.Release|TwinCAT RT (x64).Build.0 = Release|TwinCAT RT (x64)
		{163A5A57-A3C1-4246-8920-8F19FC3D2208}.Release|TwinCAT RT (x86).ActiveCfg = Release|TwinCAT RT (x86)
		{163A5A57-A3C1-4246-8920-8F19FC3D2208}.Release|TwinCAT RT (x86).Build.0 = Release|TwinCAT RT (x86)
		{3B1F38D7-A246-4020-B10C-A618561100C6}.Debug|TwinCAT CE7 (ARMV7).ActiveCfg = Debug|TwinCAT CE7 (ARMV7)
		{3B1F38D7-A246-4020-B10C-A618561100C6}.Debug|TwinCAT CE7 (ARMV7).Build.0 = Debug|TwinCAT CE7 (ARMV7)
		{3B1F38D7-A246-4020-B10C-A618561100C6}.Debug|TwinCAT OS (ARMT2).ActiveCfg = Debug|TwinCAT OS (ARMT2)
		{3B1F38D7-A246-4020-B10C-A618561100C6}.Debug|TwinCAT OS (ARMT2).Build.0 = Debug|TwinCAT OS (ARMT2)
		{3B1F38D7-A246-4020-B10C-A618561100C6}.Debug|TwinCAT RT (x64).ActiveCfg = Debug|TwinCAT RT (x64)
		{3B1F38D7-A246-4020-B10C-A618561100C6}.Debug|TwinCAT RT (x64).Build.0 = Debug|TwinCAT RT (x64)
		{3B1F38D7-A246-4020-B10C-A618561100C6}.Debug|TwinCAT RT (x86).ActiveCfg = Debug|TwinCAT RT (x86)
		{3B1F38D7-A246-4020-B10C-A618561100C6}.Debug|TwinCAT RT (x86).Build.0 = Debug|TwinCAT RT (x86)
		{3B1F38D7-A246-4020-B10C-A618561100C6}.Release|TwinCAT CE7 (ARMV7).ActiveCfg = Release|TwinCAT CE7 (ARMV7)
		{3B1F38D7-A246-4020-B10C-A618561100C6}.Release|TwinCAT CE7 (ARMV7).Build.0 = Release|TwinCAT CE7 (ARMV7)
		{3B1F38D7-A246-4020-B10C-A618561100C6}.Release|TwinCAT OS (ARMT2).ActiveCfg = Release|TwinCAT OS (ARMT2)
		{3B1F38D7-A246-4020-B10C-A618561100C6}.Release|TwinCAT OS (ARMT2).Build.0 = Release|TwinCAT OS (ARMT2)
		{3B1F38D7-A246-4020-B10C-A618561100C6}.Release|TwinCAT RT (x64).ActiveCfg = Release|TwinCAT RT (x64)
		{3B1F38D7-A246-4020-B10C-A618561100C6}.Release|TwinCAT RT (x64).Build.0 = Release|TwinCAT RT (x64)
		{3B1F38D7-A246-4020-B10C-A618561100C6}.Release|TwinCAT RT (x86).ActiveCfg = Release|TwinCAT RT (x86)
		{3B1F38D7-A246-4020-B10C-A618561100C6}.Release|TwinCAT RT (x86).Build.0 = Release|TwinCAT RT (x86)
	EndGlobalSection
	GlobalSection(SolutionProperties) = preSolution
		HideSolutionNode = FALSE
	EndGlobalSection
	GlobalSection(ExtensibilityGlobals) = postSolution
		SolutionGuid = {2B687C0A-58FE-4D96-9926-AADE937E1643}
	EndGlobalSection
EndGlobal
