
Microsoft Visual Studio Solution File, Format Version 12.00
# TcXaeShell Solution File, Format Version 11.00
VisualStudioVersion = 15.0.35116.124
MinimumVisualStudioVersion = 10.0.40219.1
Project("{B1E792BE-AA5F-4E3C-8C82-674BF9C0715B}") = "W5_Day2", "W5_Day2\W5_Day2.tsproj", "{29866FF8-4AD5-4BB3-975A-6A16C392EC85}"
EndProject
Global
	GlobalSection(SolutionConfigurationPlatforms) = preSolution
		Debug|TwinCAT CE7 (ARMV7) = Debug|TwinCAT CE7 (ARMV7)
		Debug|TwinCAT OS (ARMT2) = Debug|TwinCAT OS (ARMT2)
		Debug|TwinCAT RT (x64) = Debug|TwinCAT RT (x64)
		Debug|TwinCAT RT (x86) = Debug|TwinCAT RT (x86)
		Release|TwinCAT CE7 (ARMV7) = Release|TwinCAT CE7 (ARMV7)
		Release|TwinCAT OS (ARMT2) = Release|TwinCAT OS (ARMT2)
		Release|TwinCAT RT (x64) = Release|TwinCAT RT (x64)
		Release|TwinCAT RT (x86) = Release|TwinCAT RT (x86)
	EndGlobalSection
	GlobalSection(ProjectConfigurationPlatforms) = postSolution
		{29866FF8-4AD5-4BB3-975A-6A16C392EC85}.Debug|TwinCAT CE7 (ARMV7).ActiveCfg = Debug|TwinCAT CE7 (ARMV7)
		{29866FF8-4AD5-4BB3-975A-6A16C392EC85}.Debug|TwinCAT CE7 (ARMV7).Build.0 = Debug|TwinCAT CE7 (ARMV7)
		{29866FF8-4AD5-4BB3-975A-6A16C392EC85}.Debug|TwinCAT OS (ARMT2).ActiveCfg = Debug|TwinCAT OS (ARMT2)
		{29866FF8-4AD5-4BB3-975A-6A16C392EC85}.Debug|TwinCAT OS (ARMT2).Build.0 = Debug|TwinCAT OS (ARMT2)
		{29866FF8-4AD5-4BB3-975A-6A16C392EC85}.Debug|TwinCAT RT (x64).ActiveCfg = Debug|TwinCAT RT (x64)
		{29866FF8-4AD5-4BB3-975A-6A16C392EC85}.Debug|TwinCAT RT (x64).Build.0 = Debug|TwinCAT RT (x64)
		{29866FF8-4AD5-4BB3-975A-6A16C392EC85}.Debug|TwinCAT RT (x86).ActiveCfg = Debug|TwinCAT RT (x86)
		{29866FF8-4AD5-4BB3-975A-6A16C392EC85}.Debug|TwinCAT RT (x86).Build.0 = Debug|TwinCAT RT (x86)
		{29866FF8-4AD5-4BB3-975A-6A16C392EC85}.Release|TwinCAT CE7 (ARMV7).ActiveCfg = Release|TwinCAT CE7 (ARMV7)
		{29866FF8-4AD5-4BB3-975A-6A16C392EC85}.Release|TwinCAT CE7 (ARMV7).Build.0 = Release|TwinCAT CE7 (ARMV7)
		{29866FF8-4AD5-4BB3-975A-6A16C392EC85}.Release|TwinCAT OS (ARMT2).ActiveCfg = Release|TwinCAT OS (ARMT2)
		{29866FF8-4AD5-4BB3-975A-6A16C392EC85}.Release|TwinCAT OS (ARMT2).Build.0 = Release|TwinCAT OS (ARMT2)
		{29866FF8-4AD5-4BB3-975A-6A16C392EC85}.Release|TwinCAT RT (x64).ActiveCfg = Release|TwinCAT RT (x64)
		{29866FF8-4AD5-4BB3-975A-6A16C392EC85}.Release|TwinCAT RT (x64).Build.0 = Release|TwinCAT RT (x64)
		{29866FF8-4AD5-4BB3-975A-6A16C392EC85}.Release|TwinCAT RT (x86).ActiveCfg = Release|TwinCAT RT (x86)
		{29866FF8-4AD5-4BB3-975A-6A16C392EC85}.Release|TwinCAT RT (x86).Build.0 = Release|TwinCAT RT (x86)
		{468342CF-AED1-4749-8B2B-72CC7E8BCEF5}.Debug|TwinCAT CE7 (ARMV7).ActiveCfg = Debug|TwinCAT CE7 (ARMV7)
		{468342CF-AED1-4749-8B2B-72CC7E8BCEF5}.Debug|TwinCAT CE7 (ARMV7).Build.0 = Debug|TwinCAT CE7 (ARMV7)
		{468342CF-AED1-4749-8B2B-72CC7E8BCEF5}.Debug|TwinCAT OS (ARMT2).ActiveCfg = Debug|TwinCAT OS (ARMT2)
		{468342CF-AED1-4749-8B2B-72CC7E8BCEF5}.Debug|TwinCAT OS (ARMT2).Build.0 = Debug|TwinCAT OS (ARMT2)
		{468342CF-AED1-4749-8B2B-72CC7E8BCEF5}.Debug|TwinCAT RT (x64).ActiveCfg = Debug|TwinCAT RT (x64)
		{468342CF-AED1-4749-8B2B-72CC7E8BCEF5}.Debug|TwinCAT RT (x64).Build.0 = Debug|TwinCAT RT (x64)
		{468342CF-AED1-4749-8B2B-72CC7E8BCEF5}.Debug|TwinCAT RT (x86).ActiveCfg = Debug|TwinCAT RT (x86)
		{468342CF-AED1-4749-8B2B-72CC7E8BCEF5}.Debug|TwinCAT RT (x86).Build.0 = Debug|TwinCAT RT (x86)
		{468342CF-AED1-4749-8B2B-72CC7E8BCEF5}.Release|TwinCAT CE7 (ARMV7).ActiveCfg = Release|TwinCAT CE7 (ARMV7)
		{468342CF-AED1-4749-8B2B-72CC7E8BCEF5}.Release|TwinCAT CE7 (ARMV7).Build.0 = Release|TwinCAT CE7 (ARMV7)
		{468342CF-AED1-4749-8B2B-72CC7E8BCEF5}.Release|TwinCAT OS (ARMT2).ActiveCfg = Release|TwinCAT OS (ARMT2)
		{468342CF-AED1-4749-8B2B-72CC7E8BCEF5}.Release|TwinCAT OS (ARMT2).Build.0 = Release|TwinCAT OS (ARMT2)
		{468342CF-AED1-4749-8B2B-72CC7E8BCEF5}.Release|TwinCAT RT (x64).ActiveCfg = Release|TwinCAT RT (x64)
		{468342CF-AED1-4749-8B2B-72CC7E8BCEF5}.Release|TwinCAT RT (x64).Build.0 = Release|TwinCAT RT (x64)
		{468342CF-AED1-4749-8B2B-72CC7E8BCEF5}.Release|TwinCAT RT (x86).ActiveCfg = Release|TwinCAT RT (x86)
		{468342CF-AED1-4749-8B2B-72CC7E8BCEF5}.Release|TwinCAT RT (x86).Build.0 = Release|TwinCAT RT (x86)
		{246A6BE8-81ED-43C4-A4D5-9F59D2802649}.Debug|TwinCAT CE7 (ARMV7).ActiveCfg = Debug|TwinCAT CE7 (ARMV7)
		{246A6BE8-81ED-43C4-A4D5-9F59D2802649}.Debug|TwinCAT CE7 (ARMV7).Build.0 = Debug|TwinCAT CE7 (ARMV7)
		{246A6BE8-81ED-43C4-A4D5-9F59D2802649}.Debug|TwinCAT OS (ARMT2).ActiveCfg = Debug|TwinCAT OS (ARMT2)
		{246A6BE8-81ED-43C4-A4D5-9F59D2802649}.Debug|TwinCAT OS (ARMT2).Build.0 = Debug|TwinCAT OS (ARMT2)
		{246A6BE8-81ED-43C4-A4D5-9F59D2802649}.Debug|TwinCAT RT (x64).ActiveCfg = Debug|TwinCAT RT (x64)
		{246A6BE8-81ED-43C4-A4D5-9F59D2802649}.Debug|TwinCAT RT (x64).Build.0 = Debug|TwinCAT RT (x64)
		{246A6BE8-81ED-43C4-A4D5-9F59D2802649}.Debug|TwinCAT RT (x86).ActiveCfg = Debug|TwinCAT RT (x86)
		{246A6BE8-81ED-43C4-A4D5-9F59D2802649}.Debug|TwinCAT RT (x86).Build.0 = Debug|TwinCAT RT (x86)
		{246A6BE8-81ED-43C4-A4D5-9F59D2802649}.Release|TwinCAT CE7 (ARMV7).ActiveCfg = Release|TwinCAT CE7 (ARMV7)
		{246A6BE8-81ED-43C4-A4D5-9F59D2802649}.Release|TwinCAT CE7 (ARMV7).Build.0 = Release|TwinCAT CE7 (ARMV7)
		{246A6BE8-81ED-43C4-A4D5-9F59D2802649}.Release|TwinCAT OS (ARMT2).ActiveCfg = Release|TwinCAT OS (ARMT2)
		{246A6BE8-81ED-43C4-A4D5-9F59D2802649}.Release|TwinCAT OS (ARMT2).Build.0 = Release|TwinCAT OS (ARMT2)
		{246A6BE8-81ED-43C4-A4D5-9F59D2802649}.Release|TwinCAT RT (x64).ActiveCfg = Release|TwinCAT RT (x64)
		{246A6BE8-81ED-43C4-A4D5-9F59D2802649}.Release|TwinCAT RT (x64).Build.0 = Release|TwinCAT RT (x64)
		{246A6BE8-81ED-43C4-A4D5-9F59D2802649}.Release|TwinCAT RT (x86).ActiveCfg = Release|TwinCAT RT (x86)
		{246A6BE8-81ED-43C4-A4D5-9F59D2802649}.Release|TwinCAT RT (x86).Build.0 = Release|TwinCAT RT (x86)
	EndGlobalSection
	GlobalSection(SolutionProperties) = preSolution
		HideSolutionNode = FALSE
	EndGlobalSection
	GlobalSection(ExtensibilityGlobals) = postSolution
		SolutionGuid = {DE220CF4-6CD9-46E5-A71D-07DB90671B17}
	EndGlobalSection
EndGlobal
