
Microsoft Visual Studio Solution File, Format Version 12.00
# TcXaeShell Solution File, Format Version 11.00
VisualStudioVersion = 15.0.35116.124
MinimumVisualStudioVersion = 10.0.40219.1
Project("{B1E792BE-AA5F-4E3C-8C82-674BF9C0715B}") = "W2_Day5", "W2_Day5\W2_Day5.tsproj", "{C72B71E4-7F8C-468F-8E90-602FB27B3378}"
EndProject
Global
	GlobalSection(SolutionConfigurationPlatforms) = preSolution
		Debug|TwinCAT CE7 (ARMV7) = Debug|TwinCAT CE7 (ARMV7)
		Debug|TwinCAT OS (ARMT2) = Debug|TwinCAT OS (ARMT2)
		Debug|TwinCAT RT (x64) = Debug|TwinCAT RT (x64)
		Debug|TwinCAT RT (x86) = Debug|TwinCAT RT (x86)
		Release|TwinCAT CE7 (ARMV7) = Release|TwinCAT CE7 (ARMV7)
		Release|TwinCAT OS (ARMT2) = Release|TwinCAT OS (ARMT2)
		Release|TwinCAT RT (x64) = Release|TwinCAT RT (x64)
		Release|TwinCAT RT (x86) = Release|TwinCAT RT (x86)
	EndGlobalSection
	GlobalSection(ProjectConfigurationPlatforms) = postSolution
		{C72B71E4-7F8C-468F-8E90-602FB27B3378}.Debug|TwinCAT CE7 (ARMV7).ActiveCfg = Debug|TwinCAT CE7 (ARMV7)
		{C72B71E4-7F8C-468F-8E90-602FB27B3378}.Debug|TwinCAT CE7 (ARMV7).Build.0 = Debug|TwinCAT CE7 (ARMV7)
		{C72B71E4-7F8C-468F-8E90-602FB27B3378}.Debug|TwinCAT OS (ARMT2).ActiveCfg = Debug|TwinCAT OS (ARMT2)
		{C72B71E4-7F8C-468F-8E90-602FB27B3378}.Debug|TwinCAT OS (ARMT2).Build.0 = Debug|TwinCAT OS (ARMT2)
		{C72B71E4-7F8C-468F-8E90-602FB27B3378}.Debug|TwinCAT RT (x64).ActiveCfg = Debug|TwinCAT RT (x64)
		{C72B71E4-7F8C-468F-8E90-602FB27B3378}.Debug|TwinCAT RT (x64).Build.0 = Debug|TwinCAT RT (x64)
		{C72B71E4-7F8C-468F-8E90-602FB27B3378}.Debug|TwinCAT RT (x86).ActiveCfg = Debug|TwinCAT RT (x86)
		{C72B71E4-7F8C-468F-8E90-602FB27B3378}.Debug|TwinCAT RT (x86).Build.0 = Debug|TwinCAT RT (x86)
		{C72B71E4-7F8C-468F-8E90-602FB27B3378}.Release|TwinCAT CE7 (ARMV7).ActiveCfg = Release|TwinCAT CE7 (ARMV7)
		{C72B71E4-7F8C-468F-8E90-602FB27B3378}.Release|TwinCAT CE7 (ARMV7).Build.0 = Release|TwinCAT CE7 (ARMV7)
		{C72B71E4-7F8C-468F-8E90-602FB27B3378}.Release|TwinCAT OS (ARMT2).ActiveCfg = Release|TwinCAT OS (ARMT2)
		{C72B71E4-7F8C-468F-8E90-602FB27B3378}.Release|TwinCAT OS (ARMT2).Build.0 = Release|TwinCAT OS (ARMT2)
		{C72B71E4-7F8C-468F-8E90-602FB27B3378}.Release|TwinCAT RT (x64).ActiveCfg = Release|TwinCAT RT (x64)
		{C72B71E4-7F8C-468F-8E90-602FB27B3378}.Release|TwinCAT RT (x64).Build.0 = Release|TwinCAT RT (x64)
		{C72B71E4-7F8C-468F-8E90-602FB27B3378}.Release|TwinCAT RT (x86).ActiveCfg = Release|TwinCAT RT (x86)
		{C72B71E4-7F8C-468F-8E90-602FB27B3378}.Release|TwinCAT RT (x86).Build.0 = Release|TwinCAT RT (x86)
		{3A46B867-527C-4E8F-B728-E76E02468ABF}.Debug|TwinCAT CE7 (ARMV7).ActiveCfg = Debug|TwinCAT CE7 (ARMV7)
		{3A46B867-527C-4E8F-B728-E76E02468ABF}.Debug|TwinCAT CE7 (ARMV7).Build.0 = Debug|TwinCAT CE7 (ARMV7)
		{3A46B867-527C-4E8F-B728-E76E02468ABF}.Debug|TwinCAT OS (ARMT2).ActiveCfg = Debug|TwinCAT OS (ARMT2)
		{3A46B867-527C-4E8F-B728-E76E02468ABF}.Debug|TwinCAT OS (ARMT2).Build.0 = Debug|TwinCAT OS (ARMT2)
		{3A46B867-527C-4E8F-B728-E76E02468ABF}.Debug|TwinCAT RT (x64).ActiveCfg = Debug|TwinCAT RT (x64)
		{3A46B867-527C-4E8F-B728-E76E02468ABF}.Debug|TwinCAT RT (x64).Build.0 = Debug|TwinCAT RT (x64)
		{3A46B867-527C-4E8F-B728-E76E02468ABF}.Debug|TwinCAT RT (x86).ActiveCfg = Debug|TwinCAT RT (x86)
		{3A46B867-527C-4E8F-B728-E76E02468ABF}.Debug|TwinCAT RT (x86).Build.0 = Debug|TwinCAT RT (x86)
		{3A46B867-527C-4E8F-B728-E76E02468ABF}.Release|TwinCAT CE7 (ARMV7).ActiveCfg = Release|TwinCAT CE7 (ARMV7)
		{3A46B867-527C-4E8F-B728-E76E02468ABF}.Release|TwinCAT CE7 (ARMV7).Build.0 = Release|TwinCAT CE7 (ARMV7)
		{3A46B867-527C-4E8F-B728-E76E02468ABF}.Release|TwinCAT OS (ARMT2).ActiveCfg = Release|TwinCAT OS (ARMT2)
		{3A46B867-527C-4E8F-B728-E76E02468ABF}.Release|TwinCAT OS (ARMT2).Build.0 = Release|TwinCAT OS (ARMT2)
		{3A46B867-527C-4E8F-B728-E76E02468ABF}.Release|TwinCAT RT (x64).ActiveCfg = Release|TwinCAT RT (x64)
		{3A46B867-527C-4E8F-B728-E76E02468ABF}.Release|TwinCAT RT (x64).Build.0 = Release|TwinCAT RT (x64)
		{3A46B867-527C-4E8F-B728-E76E02468ABF}.Release|TwinCAT RT (x86).ActiveCfg = Release|TwinCAT RT (x86)
		{3A46B867-527C-4E8F-B728-E76E02468ABF}.Release|TwinCAT RT (x86).Build.0 = Release|TwinCAT RT (x86)
		{3B96ACA0-4927-498E-B5AC-4F54F3F05662}.Debug|TwinCAT CE7 (ARMV7).ActiveCfg = Debug|TwinCAT CE7 (ARMV7)
		{3B96ACA0-4927-498E-B5AC-4F54F3F05662}.Debug|TwinCAT CE7 (ARMV7).Build.0 = Debug|TwinCAT CE7 (ARMV7)
		{3B96ACA0-4927-498E-B5AC-4F54F3F05662}.Debug|TwinCAT OS (ARMT2).ActiveCfg = Debug|TwinCAT OS (ARMT2)
		{3B96ACA0-4927-498E-B5AC-4F54F3F05662}.Debug|TwinCAT OS (ARMT2).Build.0 = Debug|TwinCAT OS (ARMT2)
		{3B96ACA0-4927-498E-B5AC-4F54F3F05662}.Debug|TwinCAT RT (x64).ActiveCfg = Debug|TwinCAT RT (x64)
		{3B96ACA0-4927-498E-B5AC-4F54F3F05662}.Debug|TwinCAT RT (x64).Build.0 = Debug|TwinCAT RT (x64)
		{3B96ACA0-4927-498E-B5AC-4F54F3F05662}.Debug|TwinCAT RT (x86).ActiveCfg = Debug|TwinCAT RT (x86)
		{3B96ACA0-4927-498E-B5AC-4F54F3F05662}.Debug|TwinCAT RT (x86).Build.0 = Debug|TwinCAT RT (x86)
		{3B96ACA0-4927-498E-B5AC-4F54F3F05662}.Release|TwinCAT CE7 (ARMV7).ActiveCfg = Release|TwinCAT CE7 (ARMV7)
		{3B96ACA0-4927-498E-B5AC-4F54F3F05662}.Release|TwinCAT CE7 (ARMV7).Build.0 = Release|TwinCAT CE7 (ARMV7)
		{3B96ACA0-4927-498E-B5AC-4F54F3F05662}.Release|TwinCAT OS (ARMT2).ActiveCfg = Release|TwinCAT OS (ARMT2)
		{3B96ACA0-4927-498E-B5AC-4F54F3F05662}.Release|TwinCAT OS (ARMT2).Build.0 = Release|TwinCAT OS (ARMT2)
		{3B96ACA0-4927-498E-B5AC-4F54F3F05662}.Release|TwinCAT RT (x64).ActiveCfg = Release|TwinCAT RT (x64)
		{3B96ACA0-4927-498E-B5AC-4F54F3F05662}.Release|TwinCAT RT (x64).Build.0 = Release|TwinCAT RT (x64)
		{3B96ACA0-4927-498E-B5AC-4F54F3F05662}.Release|TwinCAT RT (x86).ActiveCfg = Release|TwinCAT RT (x86)
		{3B96ACA0-4927-498E-B5AC-4F54F3F05662}.Release|TwinCAT RT (x86).Build.0 = Release|TwinCAT RT (x86)
		{8631F720-F55B-4995-8435-A747D1949904}.Debug|TwinCAT CE7 (ARMV7).ActiveCfg = Debug|TwinCAT CE7 (ARMV7)
		{8631F720-F55B-4995-8435-A747D1949904}.Debug|TwinCAT CE7 (ARMV7).Build.0 = Debug|TwinCAT CE7 (ARMV7)
		{8631F720-F55B-4995-8435-A747D1949904}.Debug|TwinCAT OS (ARMT2).ActiveCfg = Debug|TwinCAT OS (ARMT2)
		{8631F720-F55B-4995-8435-A747D1949904}.Debug|TwinCAT OS (ARMT2).Build.0 = Debug|TwinCAT OS (ARMT2)
		{8631F720-F55B-4995-8435-A747D1949904}.Debug|TwinCAT RT (x64).ActiveCfg = Debug|TwinCAT RT (x64)
		{8631F720-F55B-4995-8435-A747D1949904}.Debug|TwinCAT RT (x64).Build.0 = Debug|TwinCAT RT (x64)
		{8631F720-F55B-4995-8435-A747D1949904}.Debug|TwinCAT RT (x86).ActiveCfg = Debug|TwinCAT RT (x86)
		{8631F720-F55B-4995-8435-A747D1949904}.Debug|TwinCAT RT (x86).Build.0 = Debug|TwinCAT RT (x86)
		{8631F720-F55B-4995-8435-A747D1949904}.Release|TwinCAT CE7 (ARMV7).ActiveCfg = Release|TwinCAT CE7 (ARMV7)
		{8631F720-F55B-4995-8435-A747D1949904}.Release|TwinCAT CE7 (ARMV7).Build.0 = Release|TwinCAT CE7 (ARMV7)
		{8631F720-F55B-4995-8435-A747D1949904}.Release|TwinCAT OS (ARMT2).ActiveCfg = Release|TwinCAT OS (ARMT2)
		{8631F720-F55B-4995-8435-A747D1949904}.Release|TwinCAT OS (ARMT2).Build.0 = Release|TwinCAT OS (ARMT2)
		{8631F720-F55B-4995-8435-A747D1949904}.Release|TwinCAT RT (x64).ActiveCfg = Release|TwinCAT RT (x64)
		{8631F720-F55B-4995-8435-A747D1949904}.Release|TwinCAT RT (x64).Build.0 = Release|TwinCAT RT (x64)
		{8631F720-F55B-4995-8435-A747D1949904}.Release|TwinCAT RT (x86).ActiveCfg = Release|TwinCAT RT (x86)
		{8631F720-F55B-4995-8435-A747D1949904}.Release|TwinCAT RT (x86).Build.0 = Release|TwinCAT RT (x86)
		{B13CE6A6-DE53-43AB-8F91-6AC5E3AC7C81}.Debug|TwinCAT CE7 (ARMV7).ActiveCfg = Debug|TwinCAT CE7 (ARMV7)
		{B13CE6A6-DE53-43AB-8F91-6AC5E3AC7C81}.Debug|TwinCAT CE7 (ARMV7).Build.0 = Debug|TwinCAT CE7 (ARMV7)
		{B13CE6A6-DE53-43AB-8F91-6AC5E3AC7C81}.Debug|TwinCAT OS (ARMT2).ActiveCfg = Debug|TwinCAT OS (ARMT2)
		{B13CE6A6-DE53-43AB-8F91-6AC5E3AC7C81}.Debug|TwinCAT OS (ARMT2).Build.0 = Debug|TwinCAT OS (ARMT2)
		{B13CE6A6-DE53-43AB-8F91-6AC5E3AC7C81}.Debug|TwinCAT RT (x64).ActiveCfg = Debug|TwinCAT RT (x64)
		{B13CE6A6-DE53-43AB-8F91-6AC5E3AC7C81}.Debug|TwinCAT RT (x64).Build.0 = Debug|TwinCAT RT (x64)
		{B13CE6A6-DE53-43AB-8F91-6AC5E3AC7C81}.Debug|TwinCAT RT (x86).ActiveCfg = Debug|TwinCAT RT (x86)
		{B13CE6A6-DE53-43AB-8F91-6AC5E3AC7C81}.Debug|TwinCAT RT (x86).Build.0 = Debug|TwinCAT RT (x86)
		{B13CE6A6-DE53-43AB-8F91-6AC5E3AC7C81}.Release|TwinCAT CE7 (ARMV7).ActiveCfg = Release|TwinCAT CE7 (ARMV7)
		{B13CE6A6-DE53-43AB-8F91-6AC5E3AC7C81}.Release|TwinCAT CE7 (ARMV7).Build.0 = Release|TwinCAT CE7 (ARMV7)
		{B13CE6A6-DE53-43AB-8F91-6AC5E3AC7C81}.Release|TwinCAT OS (ARMT2).ActiveCfg = Release|TwinCAT OS (ARMT2)
		{B13CE6A6-DE53-43AB-8F91-6AC5E3AC7C81}.Release|TwinCAT OS (ARMT2).Build.0 = Release|TwinCAT OS (ARMT2)
		{B13CE6A6-DE53-43AB-8F91-6AC5E3AC7C81}.Release|TwinCAT RT (x64).ActiveCfg = Release|TwinCAT RT (x64)
		{B13CE6A6-DE53-43AB-8F91-6AC5E3AC7C81}.Release|TwinCAT RT (x64).Build.0 = Release|TwinCAT RT (x64)
		{B13CE6A6-DE53-43AB-8F91-6AC5E3AC7C81}.Release|TwinCAT RT (x86).ActiveCfg = Release|TwinCAT RT (x86)
		{B13CE6A6-DE53-43AB-8F91-6AC5E3AC7C81}.Release|TwinCAT RT (x86).Build.0 = Release|TwinCAT RT (x86)
	EndGlobalSection
	GlobalSection(SolutionProperties) = preSolution
		HideSolutionNode = FALSE
	EndGlobalSection
	GlobalSection(ExtensibilityGlobals) = postSolution
		SolutionGuid = {6A2F9F46-2081-4C71-A1E7-E84196AE7E25}
	EndGlobalSection
EndGlobal
